
Microsoft Visual Studio Solution File, Format Version 12.00
# Visual Studio 2013
VisualStudioVersion = 12.0.31101.0
MinimumVisualStudioVersion = 10.0.40219.1
Project("{FAE04EC0-301F-11D3-BF4B-00C04F79EFBC}") = "01. DeclareVariables", "DeclareVariables\01. DeclareVariables.csproj", "{1B5E3E1C-4A11-4875-9F3A-6FC98ED62087}"
EndProject
Project("{FAE04EC0-301F-11D3-BF4B-00C04F79EFBC}") = "02. FloatOrDouble", "02\02. FloatOrDouble.csproj", "{77E62FF2-0896-481A-A2FD-20E0C4651BF6}"
EndProject
Project("{FAE04EC0-301F-11D3-BF4B-00C04F79EFBC}") = "03. VariableInHexadecimalFormat", "03\03. VariableInHexadecimalFormat.csproj", "{A21BFCF3-7061-4BAC-BD13-C1A35CE189C4}"
EndProject
Project("{FAE04EC0-301F-11D3-BF4B-00C04F79EFBC}") = "04. UnicodeCharacter", "04\04. UnicodeCharacter.csproj", "{3F71A4EF-AF57-46EB-A014-FEF0957212AD}"
EndProject
Project("{FAE04EC0-301F-11D3-BF4B-00C04F79EFBC}") = "05. BooleanVariable", "05\05. BooleanVariable.csproj", "{8A5C0F67-4E0A-47F2-A1D1-ADC74D97DB34}"
EndProject
Project("{FAE04EC0-301F-11D3-BF4B-00C04F79EFBC}") = "06. StringsAndObjects", "06\06. StringsAndObjects.csproj", "{7700276D-F6EC-4F20-B7B6-3AF86A6A6C8E}"
EndProject
Project("{FAE04EC0-301F-11D3-BF4B-00C04F79EFBC}") = "07. QuotesInStrings", "07\07. QuotesInStrings.csproj", "{74BD16AF-B80C-4DBB-91ED-3DDB1AEEA7E8}"
EndProject
Project("{FAE04EC0-301F-11D3-BF4B-00C04F79EFBC}") = "08. IsoscelesTriangle", "08. IsoscelesTriangle\08. IsoscelesTriangle.csproj", "{CA76F5C0-C936-4394-8AFD-8E09B34AD909}"
EndProject
Project("{FAE04EC0-301F-11D3-BF4B-00C04F79EFBC}") = "09. ExchangeVariableValues", "09. ExchangeVariableValues\09. ExchangeVariableValues.csproj", "{7FA3F8D9-E055-4D07-B5B3-0051CE2642FE}"
EndProject
Project("{FAE04EC0-301F-11D3-BF4B-00C04F79EFBC}") = "10. EmployeeData", "10. EmployeeData\10. EmployeeData.csproj", "{CA1B160D-1E2A-43F9-BBC6-C76B5D191E17}"
EndProject
Project("{FAE04EC0-301F-11D3-BF4B-00C04F79EFBC}") = "11. BankAccountData", "11. BankAccountData\11. BankAccountData.csproj", "{DD2E4CAB-0603-4CCE-B8AE-CB3CAA8173D5}"
EndProject
Project("{FAE04EC0-301F-11D3-BF4B-00C04F79EFBC}") = "12. NullValuesArithmetic", "12. NullValuesArithmetic\12. NullValuesArithmetic.csproj", "{3A75FC59-22C7-406E-9513-FC2EFB0FF75F}"
EndProject
Project("{FAE04EC0-301F-11D3-BF4B-00C04F79EFBC}") = "13. ComparingFloats", "13. ComparingFloats\13. ComparingFloats.csproj", "{FE3E3016-F915-4475-B5EF-3F6AB1C8D957}"
EndProject
Project("{FAE04EC0-301F-11D3-BF4B-00C04F79EFBC}") = "14. PrintTheASCIITable", "14. PrintTheASCIITable\14. PrintTheASCIITable.csproj", "{5EBBF1DB-92E3-4F4D-8713-E7979D6A40E0}"
EndProject
Global
	GlobalSection(SolutionConfigurationPlatforms) = preSolution
		Debug|Any CPU = Debug|Any CPU
		Release|Any CPU = Release|Any CPU
	EndGlobalSection
	GlobalSection(ProjectConfigurationPlatforms) = postSolution
		{1B5E3E1C-4A11-4875-9F3A-6FC98ED62087}.Debug|Any CPU.ActiveCfg = Debug|Any CPU
		{1B5E3E1C-4A11-4875-9F3A-6FC98ED62087}.Debug|Any CPU.Build.0 = Debug|Any CPU
		{1B5E3E1C-4A11-4875-9F3A-6FC98ED62087}.Release|Any CPU.ActiveCfg = Release|Any CPU
		{1B5E3E1C-4A11-4875-9F3A-6FC98ED62087}.Release|Any CPU.Build.0 = Release|Any CPU
		{77E62FF2-0896-481A-A2FD-20E0C4651BF6}.Debug|Any CPU.ActiveCfg = Debug|Any CPU
		{77E62FF2-0896-481A-A2FD-20E0C4651BF6}.Debug|Any CPU.Build.0 = Debug|Any CPU
		{77E62FF2-0896-481A-A2FD-20E0C4651BF6}.Release|Any CPU.ActiveCfg = Release|Any CPU
		{77E62FF2-0896-481A-A2FD-20E0C4651BF6}.Release|Any CPU.Build.0 = Release|Any CPU
		{A21BFCF3-7061-4BAC-BD13-C1A35CE189C4}.Debug|Any CPU.ActiveCfg = Debug|Any CPU
		{A21BFCF3-7061-4BAC-BD13-C1A35CE189C4}.Debug|Any CPU.Build.0 = Debug|Any CPU
		{A21BFCF3-7061-4BAC-BD13-C1A35CE189C4}.Release|Any CPU.ActiveCfg = Release|Any CPU
		{A21BFCF3-7061-4BAC-BD13-C1A35CE189C4}.Release|Any CPU.Build.0 = Release|Any CPU
		{3F71A4EF-AF57-46EB-A014-FEF0957212AD}.Debug|Any CPU.ActiveCfg = Debug|Any CPU
		{3F71A4EF-AF57-46EB-A014-FEF0957212AD}.Debug|Any CPU.Build.0 = Debug|Any CPU
		{3F71A4EF-AF57-46EB-A014-FEF0957212AD}.Release|Any CPU.ActiveCfg = Release|Any CPU
		{3F71A4EF-AF57-46EB-A014-FEF0957212AD}.Release|Any CPU.Build.0 = Release|Any CPU
		{8A5C0F67-4E0A-47F2-A1D1-ADC74D97DB34}.Debug|Any CPU.ActiveCfg = Debug|Any CPU
		{8A5C0F67-4E0A-47F2-A1D1-ADC74D97DB34}.Debug|Any CPU.Build.0 = Debug|Any CPU
		{8A5C0F67-4E0A-47F2-A1D1-ADC74D97DB34}.Release|Any CPU.ActiveCfg = Release|Any CPU
		{8A5C0F67-4E0A-47F2-A1D1-ADC74D97DB34}.Release|Any CPU.Build.0 = Release|Any CPU
		{7700276D-F6EC-4F20-B7B6-3AF86A6A6C8E}.Debug|Any CPU.ActiveCfg = Debug|Any CPU
		{7700276D-F6EC-4F20-B7B6-3AF86A6A6C8E}.Debug|Any CPU.Build.0 = Debug|Any CPU
		{7700276D-F6EC-4F20-B7B6-3AF86A6A6C8E}.Release|Any CPU.ActiveCfg = Release|Any CPU
		{7700276D-F6EC-4F20-B7B6-3AF86A6A6C8E}.Release|Any CPU.Build.0 = Release|Any CPU
		{74BD16AF-B80C-4DBB-91ED-3DDB1AEEA7E8}.Debug|Any CPU.ActiveCfg = Debug|Any CPU
		{74BD16AF-B80C-4DBB-91ED-3DDB1AEEA7E8}.Debug|Any CPU.Build.0 = Debug|Any CPU
		{74BD16AF-B80C-4DBB-91ED-3DDB1AEEA7E8}.Release|Any CPU.ActiveCfg = Release|Any CPU
		{74BD16AF-B80C-4DBB-91ED-3DDB1AEEA7E8}.Release|Any CPU.Build.0 = Release|Any CPU
		{CA76F5C0-C936-4394-8AFD-8E09B34AD909}.Debug|Any CPU.ActiveCfg = Debug|Any CPU
		{CA76F5C0-C936-4394-8AFD-8E09B34AD909}.Debug|Any CPU.Build.0 = Debug|Any CPU
		{CA76F5C0-C936-4394-8AFD-8E09B34AD909}.Release|Any CPU.ActiveCfg = Release|Any CPU
		{CA76F5C0-C936-4394-8AFD-8E09B34AD909}.Release|Any CPU.Build.0 = Release|Any CPU
		{7FA3F8D9-E055-4D07-B5B3-0051CE2642FE}.Debug|Any CPU.ActiveCfg = Debug|Any CPU
		{7FA3F8D9-E055-4D07-B5B3-0051CE2642FE}.Debug|Any CPU.Build.0 = Debug|Any CPU
		{7FA3F8D9-E055-4D07-B5B3-0051CE2642FE}.Release|Any CPU.ActiveCfg = Release|Any CPU
		{7FA3F8D9-E055-4D07-B5B3-0051CE2642FE}.Release|Any CPU.Build.0 = Release|Any CPU
		{CA1B160D-1E2A-43F9-BBC6-C76B5D191E17}.Debug|Any CPU.ActiveCfg = Debug|Any CPU
		{CA1B160D-1E2A-43F9-BBC6-C76B5D191E17}.Debug|Any CPU.Build.0 = Debug|Any CPU
		{CA1B160D-1E2A-43F9-BBC6-C76B5D191E17}.Release|Any CPU.ActiveCfg = Release|Any CPU
		{CA1B160D-1E2A-43F9-BBC6-C76B5D191E17}.Release|Any CPU.Build.0 = Release|Any CPU
		{DD2E4CAB-0603-4CCE-B8AE-CB3CAA8173D5}.Debug|Any CPU.ActiveCfg = Debug|Any CPU
		{DD2E4CAB-0603-4CCE-B8AE-CB3CAA8173D5}.Debug|Any CPU.Build.0 = Debug|Any CPU
		{DD2E4CAB-0603-4CCE-B8AE-CB3CAA8173D5}.Release|Any CPU.ActiveCfg = Release|Any CPU
		{DD2E4CAB-0603-4CCE-B8AE-CB3CAA8173D5}.Release|Any CPU.Build.0 = Release|Any CPU
		{3A75FC59-22C7-406E-9513-FC2EFB0FF75F}.Debug|Any CPU.ActiveCfg = Debug|Any CPU
		{3A75FC59-22C7-406E-9513-FC2EFB0FF75F}.Debug|Any CPU.Build.0 = Debug|Any CPU
		{3A75FC59-22C7-406E-9513-FC2EFB0FF75F}.Release|Any CPU.ActiveCfg = Release|Any CPU
		{3A75FC59-22C7-406E-9513-FC2EFB0FF75F}.Release|Any CPU.Build.0 = Release|Any CPU
		{FE3E3016-F915-4475-B5EF-3F6AB1C8D957}.Debug|Any CPU.ActiveCfg = Debug|Any CPU
		{FE3E3016-F915-4475-B5EF-3F6AB1C8D957}.Debug|Any CPU.Build.0 = Debug|Any CPU
		{FE3E3016-F915-4475-B5EF-3F6AB1C8D957}.Release|Any CPU.ActiveCfg = Release|Any CPU
		{FE3E3016-F915-4475-B5EF-3F6AB1C8D957}.Release|Any CPU.Build.0 = Release|Any CPU
		{5EBBF1DB-92E3-4F4D-8713-E7979D6A40E0}.Debug|Any CPU.ActiveCfg = Debug|Any CPU
		{5EBBF1DB-92E3-4F4D-8713-E7979D6A40E0}.Debug|Any CPU.Build.0 = Debug|Any CPU
		{5EBBF1DB-92E3-4F4D-8713-E7979D6A40E0}.Release|Any CPU.ActiveCfg = Release|Any CPU
		{5EBBF1DB-92E3-4F4D-8713-E7979D6A40E0}.Release|Any CPU.Build.0 = Release|Any CPU
	EndGlobalSection
	GlobalSection(SolutionProperties) = preSolution
		HideSolutionNode = FALSE
	EndGlobalSection
EndGlobal
